
Microsoft Visual Studio Solution File, Format Version 12.00
# Visual Studio 15
VisualStudioVersion = 15.0.27004.2008
MinimumVisualStudioVersion = 10.0.40219.1
Project("{FAE04EC0-301F-11D3-BF4B-00C04F79EFBC}") = "bai1", "Execise1\bai1.csproj", "{E48E56A7-5705-462B-A818-DF73CEECF2D0}"
EndProject
Project("{FAE04EC0-301F-11D3-BF4B-00C04F79EFBC}") = "bai2", "bai2\bai2.csproj", "{F186581B-AAF3-43AB-A08E-8D32C27D9D91}"
EndProject
Project("{FAE04EC0-301F-11D3-BF4B-00C04F79EFBC}") = "bai3", "bai3\bai3.csproj", "{46259378-EC01-433B-AC15-E390C729F2E2}"
EndProject
Project("{FAE04EC0-301F-11D3-BF4B-00C04F79EFBC}") = "bai4", "..\bai4\bai4.csproj", "{AFEBE67F-79D4-41C8-87A5-201B13314852}"
EndProject
Project("{FAE04EC0-301F-11D3-BF4B-00C04F79EFBC}") = "bai5", "bai5\bai5.csproj", "{678246A3-DA7A-4223-8338-56CF2D6BBCA8}"
EndProject
Project("{FAE04EC0-301F-11D3-BF4B-00C04F79EFBC}") = "bai_4", "bai_4\bai_4.csproj", "{2AABAC61-43DC-4E12-B145-24F8FE05C1E1}"
EndProject
Project("{FAE04EC0-301F-11D3-BF4B-00C04F79EFBC}") = "bai6", "bai6\bai6.csproj", "{442A38D5-69D4-45F7-83A5-81EB93C7579E}"
EndProject
Project("{FAE04EC0-301F-11D3-BF4B-00C04F79EFBC}") = "bai7", "bai7\bai7.csproj", "{0CB06138-3694-4876-8864-9720A0FB5C1E}"
EndProject
Project("{FAE04EC0-301F-11D3-BF4B-00C04F79EFBC}") = "bai8", "bai8\bai8.csproj", "{1B39618E-DE36-49BF-B47E-7B75C83FA6C8}"
EndProject
Project("{FAE04EC0-301F-11D3-BF4B-00C04F79EFBC}") = "bai9", "bai9\bai9.csproj", "{F592BE5F-2052-44C8-8141-77D2FA842C02}"
EndProject
Project("{FAE04EC0-301F-11D3-BF4B-00C04F79EFBC}") = "bai10", "bai10\bai10.csproj", "{6BB35709-93CF-4856-BD5C-003511B06FE0}"
EndProject
Project("{FAE04EC0-301F-11D3-BF4B-00C04F79EFBC}") = "bai11", "bai11\bai11.csproj", "{857ECB77-3A6F-495E-8402-DC5A3635D652}"
EndProject
Project("{FAE04EC0-301F-11D3-BF4B-00C04F79EFBC}") = "bai12", "bai12\bai12.csproj", "{C2DFB607-18C5-4CED-85D9-18827D5E0BB8}"
EndProject
Project("{FAE04EC0-301F-11D3-BF4B-00C04F79EFBC}") = "bai13", "bai13\bai13.csproj", "{4FD33856-9219-4B5E-A42D-07243616D7C7}"
EndProject
Project("{FAE04EC0-301F-11D3-BF4B-00C04F79EFBC}") = "bai14", "bai14\bai14.csproj", "{94D94B99-2088-4146-9E47-EF065D49E423}"
EndProject
Project("{FAE04EC0-301F-11D3-BF4B-00C04F79EFBC}") = "bai15", "bai15\bai15.csproj", "{164375E7-C7EE-4441-8523-BAC893AFD4E0}"
EndProject
Project("{FAE04EC0-301F-11D3-BF4B-00C04F79EFBC}") = "bai16", "bai16\bai16.csproj", "{6A76A356-AA74-42E0-B23F-B27E069A4D51}"
EndProject
Project("{FAE04EC0-301F-11D3-BF4B-00C04F79EFBC}") = "bai17", "bai17\bai17.csproj", "{F5E91A98-307D-4E08-AE56-5FB5C002F824}"
EndProject
Project("{FAE04EC0-301F-11D3-BF4B-00C04F79EFBC}") = "bai18", "bai18\bai18.csproj", "{6D489729-E6FC-4009-84EA-0772A737153A}"
EndProject
Global
	GlobalSection(SolutionConfigurationPlatforms) = preSolution
		Debug|Any CPU = Debug|Any CPU
		Release|Any CPU = Release|Any CPU
	EndGlobalSection
	GlobalSection(ProjectConfigurationPlatforms) = postSolution
		{E48E56A7-5705-462B-A818-DF73CEECF2D0}.Debug|Any CPU.ActiveCfg = Debug|Any CPU
		{E48E56A7-5705-462B-A818-DF73CEECF2D0}.Debug|Any CPU.Build.0 = Debug|Any CPU
		{E48E56A7-5705-462B-A818-DF73CEECF2D0}.Release|Any CPU.ActiveCfg = Release|Any CPU
		{E48E56A7-5705-462B-A818-DF73CEECF2D0}.Release|Any CPU.Build.0 = Release|Any CPU
		{F186581B-AAF3-43AB-A08E-8D32C27D9D91}.Debug|Any CPU.ActiveCfg = Debug|Any CPU
		{F186581B-AAF3-43AB-A08E-8D32C27D9D91}.Debug|Any CPU.Build.0 = Debug|Any CPU
		{F186581B-AAF3-43AB-A08E-8D32C27D9D91}.Release|Any CPU.ActiveCfg = Release|Any CPU
		{F186581B-AAF3-43AB-A08E-8D32C27D9D91}.Release|Any CPU.Build.0 = Release|Any CPU
		{46259378-EC01-433B-AC15-E390C729F2E2}.Debug|Any CPU.ActiveCfg = Debug|Any CPU
		{46259378-EC01-433B-AC15-E390C729F2E2}.Debug|Any CPU.Build.0 = Debug|Any CPU
		{46259378-EC01-433B-AC15-E390C729F2E2}.Release|Any CPU.ActiveCfg = Release|Any CPU
		{46259378-EC01-433B-AC15-E390C729F2E2}.Release|Any CPU.Build.0 = Release|Any CPU
		{AFEBE67F-79D4-41C8-87A5-201B13314852}.Debug|Any CPU.ActiveCfg = Debug|Any CPU
		{AFEBE67F-79D4-41C8-87A5-201B13314852}.Debug|Any CPU.Build.0 = Debug|Any CPU
		{AFEBE67F-79D4-41C8-87A5-201B13314852}.Release|Any CPU.ActiveCfg = Release|Any CPU
		{AFEBE67F-79D4-41C8-87A5-201B13314852}.Release|Any CPU.Build.0 = Release|Any CPU
		{678246A3-DA7A-4223-8338-56CF2D6BBCA8}.Debug|Any CPU.ActiveCfg = Debug|Any CPU
		{678246A3-DA7A-4223-8338-56CF2D6BBCA8}.Debug|Any CPU.Build.0 = Debug|Any CPU
		{678246A3-DA7A-4223-8338-56CF2D6BBCA8}.Release|Any CPU.ActiveCfg = Release|Any CPU
		{678246A3-DA7A-4223-8338-56CF2D6BBCA8}.Release|Any CPU.Build.0 = Release|Any CPU
		{2AABAC61-43DC-4E12-B145-24F8FE05C1E1}.Debug|Any CPU.ActiveCfg = Debug|Any CPU
		{2AABAC61-43DC-4E12-B145-24F8FE05C1E1}.Debug|Any CPU.Build.0 = Debug|Any CPU
		{2AABAC61-43DC-4E12-B145-24F8FE05C1E1}.Release|Any CPU.ActiveCfg = Release|Any CPU
		{2AABAC61-43DC-4E12-B145-24F8FE05C1E1}.Release|Any CPU.Build.0 = Release|Any CPU
		{442A38D5-69D4-45F7-83A5-81EB93C7579E}.Debug|Any CPU.ActiveCfg = Debug|Any CPU
		{442A38D5-69D4-45F7-83A5-81EB93C7579E}.Debug|Any CPU.Build.0 = Debug|Any CPU
		{442A38D5-69D4-45F7-83A5-81EB93C7579E}.Release|Any CPU.ActiveCfg = Release|Any CPU
		{442A38D5-69D4-45F7-83A5-81EB93C7579E}.Release|Any CPU.Build.0 = Release|Any CPU
		{0CB06138-3694-4876-8864-9720A0FB5C1E}.Debug|Any CPU.ActiveCfg = Debug|Any CPU
		{0CB06138-3694-4876-8864-9720A0FB5C1E}.Debug|Any CPU.Build.0 = Debug|Any CPU
		{0CB06138-3694-4876-8864-9720A0FB5C1E}.Release|Any CPU.ActiveCfg = Release|Any CPU
		{0CB06138-3694-4876-8864-9720A0FB5C1E}.Release|Any CPU.Build.0 = Release|Any CPU
		{1B39618E-DE36-49BF-B47E-7B75C83FA6C8}.Debug|Any CPU.ActiveCfg = Debug|Any CPU
		{1B39618E-DE36-49BF-B47E-7B75C83FA6C8}.Debug|Any CPU.Build.0 = Debug|Any CPU
		{1B39618E-DE36-49BF-B47E-7B75C83FA6C8}.Release|Any CPU.ActiveCfg = Release|Any CPU
		{1B39618E-DE36-49BF-B47E-7B75C83FA6C8}.Release|Any CPU.Build.0 = Release|Any CPU
		{F592BE5F-2052-44C8-8141-77D2FA842C02}.Debug|Any CPU.ActiveCfg = Debug|Any CPU
		{F592BE5F-2052-44C8-8141-77D2FA842C02}.Debug|Any CPU.Build.0 = Debug|Any CPU
		{F592BE5F-2052-44C8-8141-77D2FA842C02}.Release|Any CPU.ActiveCfg = Release|Any CPU
		{F592BE5F-2052-44C8-8141-77D2FA842C02}.Release|Any CPU.Build.0 = Release|Any CPU
		{6BB35709-93CF-4856-BD5C-003511B06FE0}.Debug|Any CPU.ActiveCfg = Debug|Any CPU
		{6BB35709-93CF-4856-BD5C-003511B06FE0}.Debug|Any CPU.Build.0 = Debug|Any CPU
		{6BB35709-93CF-4856-BD5C-003511B06FE0}.Release|Any CPU.ActiveCfg = Release|Any CPU
		{6BB35709-93CF-4856-BD5C-003511B06FE0}.Release|Any CPU.Build.0 = Release|Any CPU
		{857ECB77-3A6F-495E-8402-DC5A3635D652}.Debug|Any CPU.ActiveCfg = Debug|Any CPU
		{857ECB77-3A6F-495E-8402-DC5A3635D652}.Debug|Any CPU.Build.0 = Debug|Any CPU
		{857ECB77-3A6F-495E-8402-DC5A3635D652}.Release|Any CPU.ActiveCfg = Release|Any CPU
		{857ECB77-3A6F-495E-8402-DC5A3635D652}.Release|Any CPU.Build.0 = Release|Any CPU
		{C2DFB607-18C5-4CED-85D9-18827D5E0BB8}.Debug|Any CPU.ActiveCfg = Debug|Any CPU
		{C2DFB607-18C5-4CED-85D9-18827D5E0BB8}.Debug|Any CPU.Build.0 = Debug|Any CPU
		{C2DFB607-18C5-4CED-85D9-18827D5E0BB8}.Release|Any CPU.ActiveCfg = Release|Any CPU
		{C2DFB607-18C5-4CED-85D9-18827D5E0BB8}.Release|Any CPU.Build.0 = Release|Any CPU
		{4FD33856-9219-4B5E-A42D-07243616D7C7}.Debug|Any CPU.ActiveCfg = Debug|Any CPU
		{4FD33856-9219-4B5E-A42D-07243616D7C7}.Debug|Any CPU.Build.0 = Debug|Any CPU
		{4FD33856-9219-4B5E-A42D-07243616D7C7}.Release|Any CPU.ActiveCfg = Release|Any CPU
		{4FD33856-9219-4B5E-A42D-07243616D7C7}.Release|Any CPU.Build.0 = Release|Any CPU
		{94D94B99-2088-4146-9E47-EF065D49E423}.Debug|Any CPU.ActiveCfg = Debug|Any CPU
		{94D94B99-2088-4146-9E47-EF065D49E423}.Debug|Any CPU.Build.0 = Debug|Any CPU
		{94D94B99-2088-4146-9E47-EF065D49E423}.Release|Any CPU.ActiveCfg = Release|Any CPU
		{94D94B99-2088-4146-9E47-EF065D49E423}.Release|Any CPU.Build.0 = Release|Any CPU
		{164375E7-C7EE-4441-8523-BAC893AFD4E0}.Debug|Any CPU.ActiveCfg = Debug|Any CPU
		{164375E7-C7EE-4441-8523-BAC893AFD4E0}.Debug|Any CPU.Build.0 = Debug|Any CPU
		{164375E7-C7EE-4441-8523-BAC893AFD4E0}.Release|Any CPU.ActiveCfg = Release|Any CPU
		{164375E7-C7EE-4441-8523-BAC893AFD4E0}.Release|Any CPU.Build.0 = Release|Any CPU
		{6A76A356-AA74-42E0-B23F-B27E069A4D51}.Debug|Any CPU.ActiveCfg = Debug|Any CPU
		{6A76A356-AA74-42E0-B23F-B27E069A4D51}.Debug|Any CPU.Build.0 = Debug|Any CPU
		{6A76A356-AA74-42E0-B23F-B27E069A4D51}.Release|Any CPU.ActiveCfg = Release|Any CPU
		{6A76A356-AA74-42E0-B23F-B27E069A4D51}.Release|Any CPU.Build.0 = Release|Any CPU
		{F5E91A98-307D-4E08-AE56-5FB5C002F824}.Debug|Any CPU.ActiveCfg = Debug|Any CPU
		{F5E91A98-307D-4E08-AE56-5FB5C002F824}.Debug|Any CPU.Build.0 = Debug|Any CPU
		{F5E91A98-307D-4E08-AE56-5FB5C002F824}.Release|Any CPU.ActiveCfg = Release|Any CPU
		{F5E91A98-307D-4E08-AE56-5FB5C002F824}.Release|Any CPU.Build.0 = Release|Any CPU
		{6D489729-E6FC-4009-84EA-0772A737153A}.Debug|Any CPU.ActiveCfg = Debug|Any CPU
		{6D489729-E6FC-4009-84EA-0772A737153A}.Debug|Any CPU.Build.0 = Debug|Any CPU
		{6D489729-E6FC-4009-84EA-0772A737153A}.Release|Any CPU.ActiveCfg = Release|Any CPU
		{6D489729-E6FC-4009-84EA-0772A737153A}.Release|Any CPU.Build.0 = Release|Any CPU
	EndGlobalSection
	GlobalSection(SolutionProperties) = preSolution
		HideSolutionNode = FALSE
	EndGlobalSection
	GlobalSection(ExtensibilityGlobals) = postSolution
		SolutionGuid = {F8BABC1E-744C-4C71-9F36-8E19FF7F770E}
	EndGlobalSection
EndGlobal
